
Microsoft Visual Studio Solution File, Format Version 12.00
# Visual Studio Version 16
VisualStudioVersion = 16.0.30907.101
MinimumVisualStudioVersion = 10.0.40219.1
Project("{FAE04EC0-301F-11D3-BF4B-00C04F79EFBC}") = "Entities", "Entities\Entities.csproj", "{7F3ECBA3-69FC-4351-84CA-0B94E889DD47}"
EndProject
Project("{FAE04EC0-301F-11D3-BF4B-00C04F79EFBC}") = "DataAccess", "DataAccess\DataAccess.csproj", "{A83E8A85-372D-4D4E-9615-BE2B36691787}"
EndProject
Project("{FAE04EC0-301F-11D3-BF4B-00C04F79EFBC}") = "Business", "Business\Business.csproj", "{076F1A99-8957-4833-8BC8-33795403604A}"
EndProject
Project("{FAE04EC0-301F-11D3-BF4B-00C04F79EFBC}") = "ConsoleUI", "ConsoleUI\ConsoleUI.csproj", "{DB25990C-418F-4DCE-971B-AB8027AD3C1E}"
EndProject
Global
	GlobalSection(SolutionConfigurationPlatforms) = preSolution
		Debug|Any CPU = Debug|Any CPU
		Release|Any CPU = Release|Any CPU
	EndGlobalSection
	GlobalSection(ProjectConfigurationPlatforms) = postSolution
		{7F3ECBA3-69FC-4351-84CA-0B94E889DD47}.Debug|Any CPU.ActiveCfg = Debug|Any CPU
		{7F3ECBA3-69FC-4351-84CA-0B94E889DD47}.Debug|Any CPU.Build.0 = Debug|Any CPU
		{7F3ECBA3-69FC-4351-84CA-0B94E889DD47}.Release|Any CPU.ActiveCfg = Release|Any CPU
		{7F3ECBA3-69FC-4351-84CA-0B94E889DD47}.Release|Any CPU.Build.0 = Release|Any CPU
		{A83E8A85-372D-4D4E-9615-BE2B36691787}.Debug|Any CPU.ActiveCfg = Debug|Any CPU
		{A83E8A85-372D-4D4E-9615-BE2B36691787}.Debug|Any CPU.Build.0 = Debug|Any CPU
		{A83E8A85-372D-4D4E-9615-BE2B36691787}.Release|Any CPU.ActiveCfg = Release|Any CPU
		{A83E8A85-372D-4D4E-9615-BE2B36691787}.Release|Any CPU.Build.0 = Release|Any CPU
		{076F1A99-8957-4833-8BC8-33795403604A}.Debug|Any CPU.ActiveCfg = Debug|Any CPU
		{076F1A99-8957-4833-8BC8-33795403604A}.Debug|Any CPU.Build.0 = Debug|Any CPU
		{076F1A99-8957-4833-8BC8-33795403604A}.Release|Any CPU.ActiveCfg = Release|Any CPU
		{076F1A99-8957-4833-8BC8-33795403604A}.Release|Any CPU.Build.0 = Release|Any CPU
		{DB25990C-418F-4DCE-971B-AB8027AD3C1E}.Debug|Any CPU.ActiveCfg = Debug|Any CPU
		{DB25990C-418F-4DCE-971B-AB8027AD3C1E}.Debug|Any CPU.Build.0 = Debug|Any CPU
		{DB25990C-418F-4DCE-971B-AB8027AD3C1E}.Release|Any CPU.ActiveCfg = Release|Any CPU
		{DB25990C-418F-4DCE-971B-AB8027AD3C1E}.Release|Any CPU.Build.0 = Release|Any CPU
	EndGlobalSection
	GlobalSection(SolutionProperties) = preSolution
		HideSolutionNode = FALSE
	EndGlobalSection
	GlobalSection(ExtensibilityGlobals) = postSolution
		SolutionGuid = {86FE4B97-D33F-4021-8538-FF895CAE9902}
	EndGlobalSection
EndGlobal
